
Microsoft Visual Studio Solution File, Format Version 12.00
# Visual Studio Version 16
VisualStudioVersion = 16.0.30011.22
MinimumVisualStudioVersion = 10.0.40219.1
Project("{FAE04EC0-301F-11D3-BF4B-00C04F79EFBC}") = "BlogEngine.Common", "BlogEngine.Common\BlogEngine.Common.csproj", "{FECAF333-0204-4289-8CB9-8BF1FEE85215}"
EndProject
Project("{FAE04EC0-301F-11D3-BF4B-00C04F79EFBC}") = "BlogEngine.Web", "BlogEngine.Web\BlogEngine.Web.csproj", "{97F883E9-BD52-47B2-B878-8E885A4393B8}"
EndProject
Global
	GlobalSection(SolutionConfigurationPlatforms) = preSolution
		Debug|Any CPU = Debug|Any CPU
		Release|Any CPU = Release|Any CPU
	EndGlobalSection
	GlobalSection(ProjectConfigurationPlatforms) = postSolution
		{FECAF333-0204-4289-8CB9-8BF1FEE85215}.Debug|Any CPU.ActiveCfg = Debug|Any CPU
		{FECAF333-0204-4289-8CB9-8BF1FEE85215}.Debug|Any CPU.Build.0 = Debug|Any CPU
		{FECAF333-0204-4289-8CB9-8BF1FEE85215}.Release|Any CPU.ActiveCfg = Release|Any CPU
		{FECAF333-0204-4289-8CB9-8BF1FEE85215}.Release|Any CPU.Build.0 = Release|Any CPU
		{97F883E9-BD52-47B2-B878-8E885A4393B8}.Debug|Any CPU.ActiveCfg = Debug|Any CPU
		{97F883E9-BD52-47B2-B878-8E885A4393B8}.Debug|Any CPU.Build.0 = Debug|Any CPU
		{97F883E9-BD52-47B2-B878-8E885A4393B8}.Release|Any CPU.ActiveCfg = Release|Any CPU
		{97F883E9-BD52-47B2-B878-8E885A4393B8}.Release|Any CPU.Build.0 = Release|Any CPU
	EndGlobalSection
	GlobalSection(SolutionProperties) = preSolution
		HideSolutionNode = FALSE
	EndGlobalSection
	GlobalSection(ExtensibilityGlobals) = postSolution
		SolutionGuid = {988DEC94-E186-4C4E-BF80-409D8CDFDE0B}
	EndGlobalSection
EndGlobal
